
Microsoft Visual Studio Solution File, Format Version 12.00
# Visual Studio 15
VisualStudioVersion = 15.0.28307.705
MinimumVisualStudioVersion = 10.0.40219.1
Project("{FAE04EC0-301F-11D3-BF4B-00C04F79EFBC}") = "DI.Autofac", "DependencyInjection.Autofac\DI.Autofac.csproj", "{D12A825C-C916-42BD-91BD-C2AD0AB2D802}"
EndProject
Project("{FAE04EC0-301F-11D3-BF4B-00C04F79EFBC}") = "DI.AutofacHelper", "DependencyInjection.AutofacHelper\DI.AutofacHelper.csproj", "{367A4DD3-0294-4CF5-945E-AE9C62B98AEB}"
EndProject
Global
	GlobalSection(SolutionConfigurationPlatforms) = preSolution
		Debug|Any CPU = Debug|Any CPU
		Release|Any CPU = Release|Any CPU
	EndGlobalSection
	GlobalSection(ProjectConfigurationPlatforms) = postSolution
		{D12A825C-C916-42BD-91BD-C2AD0AB2D802}.Debug|Any CPU.ActiveCfg = Debug|Any CPU
		{D12A825C-C916-42BD-91BD-C2AD0AB2D802}.Debug|Any CPU.Build.0 = Debug|Any CPU
		{D12A825C-C916-42BD-91BD-C2AD0AB2D802}.Release|Any CPU.ActiveCfg = Release|Any CPU
		{D12A825C-C916-42BD-91BD-C2AD0AB2D802}.Release|Any CPU.Build.0 = Release|Any CPU
		{367A4DD3-0294-4CF5-945E-AE9C62B98AEB}.Debug|Any CPU.ActiveCfg = Debug|Any CPU
		{367A4DD3-0294-4CF5-945E-AE9C62B98AEB}.Debug|Any CPU.Build.0 = Debug|Any CPU
		{367A4DD3-0294-4CF5-945E-AE9C62B98AEB}.Release|Any CPU.ActiveCfg = Release|Any CPU
		{367A4DD3-0294-4CF5-945E-AE9C62B98AEB}.Release|Any CPU.Build.0 = Release|Any CPU
	EndGlobalSection
	GlobalSection(SolutionProperties) = preSolution
		HideSolutionNode = FALSE
	EndGlobalSection
	GlobalSection(ExtensibilityGlobals) = postSolution
		SolutionGuid = {06D68718-08BE-48C5-8517-79BB47A43545}
	EndGlobalSection
EndGlobal
